
Microsoft Visual Studio Solution File, Format Version 12.00
# Visual Studio Version 17
VisualStudioVersion = 17.9.34723.18
MinimumVisualStudioVersion = 10.0.40219.1
Project("{FAE04EC0-301F-11D3-BF4B-00C04F79EFBC}") = "Deserializer", "Deserializer\Deserializer.csproj", "{9F209CAB-74B7-434C-91F9-BFCE8D91BB57}"
EndProject
Project("{FAE04EC0-301F-11D3-BF4B-00C04F79EFBC}") = "TestProject", "TestProject2\TestProject.csproj", "{50B6455B-928A-4A82-AB58-4247BA5507A0}"
EndProject
Global
	GlobalSection(SolutionConfigurationPlatforms) = preSolution
		Debug|Any CPU = Debug|Any CPU
		Release|Any CPU = Release|Any CPU
	EndGlobalSection
	GlobalSection(ProjectConfigurationPlatforms) = postSolution
		{9F209CAB-74B7-434C-91F9-BFCE8D91BB57}.Debug|Any CPU.ActiveCfg = Debug|Any CPU
		{9F209CAB-74B7-434C-91F9-BFCE8D91BB57}.Debug|Any CPU.Build.0 = Debug|Any CPU
		{9F209CAB-74B7-434C-91F9-BFCE8D91BB57}.Release|Any CPU.ActiveCfg = Release|Any CPU
		{9F209CAB-74B7-434C-91F9-BFCE8D91BB57}.Release|Any CPU.Build.0 = Release|Any CPU
		{50B6455B-928A-4A82-AB58-4247BA5507A0}.Debug|Any CPU.ActiveCfg = Debug|Any CPU
		{50B6455B-928A-4A82-AB58-4247BA5507A0}.Debug|Any CPU.Build.0 = Debug|Any CPU
		{50B6455B-928A-4A82-AB58-4247BA5507A0}.Release|Any CPU.ActiveCfg = Release|Any CPU
		{50B6455B-928A-4A82-AB58-4247BA5507A0}.Release|Any CPU.Build.0 = Release|Any CPU
	EndGlobalSection
	GlobalSection(SolutionProperties) = preSolution
		HideSolutionNode = FALSE
	EndGlobalSection
	GlobalSection(ExtensibilityGlobals) = postSolution
		SolutionGuid = {693789F7-0FAF-4C96-B394-B5B950AD24FB}
	EndGlobalSection
EndGlobal
